
Microsoft Visual Studio Solution File, Format Version 12.00
# Visual Studio Version 16
VisualStudioVersion = 25.0.1703.4
MinimumVisualStudioVersion = 10.0.40219.1
Project("{FAE04EC0-301F-11D3-BF4B-00C04F79EFBC}") = "System.Extensions", "System.Extensions\System.Extensions.csproj", "{F9B0AE08-627E-41B1-9678-B9FA75E19870}"
EndProject
Project("{FAE04EC0-301F-11D3-BF4B-00C04F79EFBC}") = "Test.Main", "Test.Main\Test.Main.csproj", "{71772A49-3A94-4455-A2B1-B9DD58749E23}"
EndProject
Project("{FAE04EC0-301F-11D3-BF4B-00C04F79EFBC}") = "Json.Extensions", "Json.Extensions\Json.Extensions.csproj", "{004FA1E8-163C-4697-907A-2186A13F47E4}"
EndProject
Project("{FAE04EC0-301F-11D3-BF4B-00C04F79EFBC}") = "System.Net.Extensions", "System.Net.Extensions\System.Net.Extensions.csproj", "{4045E283-3349-4789-A0D7-C5C51B4F40D2}"
EndProject
Project("{FAE04EC0-301F-11D3-BF4B-00C04F79EFBC}") = "DesignPatterns.Extensions", "DesignPatterns.Extensions\DesignPatterns.Extensions.csproj", "{759B1F31-8B49-4242-A8AC-55869FA4ECB5}"
EndProject
Project("{FAE04EC0-301F-11D3-BF4B-00C04F79EFBC}") = "System.IO.Extensions", "System.IO.Extensions\System.IO.Extensions.csproj", "{61088346-E6D8-4649-8EA7-AC26A40A5F7F}"
EndProject
Project("{FAE04EC0-301F-11D3-BF4B-00C04F79EFBC}") = "MongoDB.Driver.Extensions", "MongoDB.Driver.Extensions\MongoDB.Driver.Extensions.csproj", "{ED9A69D6-62A1-4F23-9C40-14568AA29D79}"
EndProject
Global
	GlobalSection(SolutionConfigurationPlatforms) = preSolution
		Debug|Any CPU = Debug|Any CPU
		Release|Any CPU = Release|Any CPU
	EndGlobalSection
	GlobalSection(ProjectConfigurationPlatforms) = postSolution
		{F9B0AE08-627E-41B1-9678-B9FA75E19870}.Debug|Any CPU.ActiveCfg = Debug|Any CPU
		{F9B0AE08-627E-41B1-9678-B9FA75E19870}.Debug|Any CPU.Build.0 = Debug|Any CPU
		{F9B0AE08-627E-41B1-9678-B9FA75E19870}.Release|Any CPU.ActiveCfg = Release|Any CPU
		{F9B0AE08-627E-41B1-9678-B9FA75E19870}.Release|Any CPU.Build.0 = Release|Any CPU
		{71772A49-3A94-4455-A2B1-B9DD58749E23}.Debug|Any CPU.ActiveCfg = Debug|Any CPU
		{71772A49-3A94-4455-A2B1-B9DD58749E23}.Debug|Any CPU.Build.0 = Debug|Any CPU
		{71772A49-3A94-4455-A2B1-B9DD58749E23}.Release|Any CPU.ActiveCfg = Release|Any CPU
		{71772A49-3A94-4455-A2B1-B9DD58749E23}.Release|Any CPU.Build.0 = Release|Any CPU
		{004FA1E8-163C-4697-907A-2186A13F47E4}.Debug|Any CPU.ActiveCfg = Debug|Any CPU
		{004FA1E8-163C-4697-907A-2186A13F47E4}.Debug|Any CPU.Build.0 = Debug|Any CPU
		{004FA1E8-163C-4697-907A-2186A13F47E4}.Release|Any CPU.ActiveCfg = Release|Any CPU
		{004FA1E8-163C-4697-907A-2186A13F47E4}.Release|Any CPU.Build.0 = Release|Any CPU
		{4045E283-3349-4789-A0D7-C5C51B4F40D2}.Debug|Any CPU.ActiveCfg = Debug|Any CPU
		{4045E283-3349-4789-A0D7-C5C51B4F40D2}.Debug|Any CPU.Build.0 = Debug|Any CPU
		{4045E283-3349-4789-A0D7-C5C51B4F40D2}.Release|Any CPU.ActiveCfg = Release|Any CPU
		{4045E283-3349-4789-A0D7-C5C51B4F40D2}.Release|Any CPU.Build.0 = Release|Any CPU
		{759B1F31-8B49-4242-A8AC-55869FA4ECB5}.Debug|Any CPU.ActiveCfg = Debug|Any CPU
		{759B1F31-8B49-4242-A8AC-55869FA4ECB5}.Debug|Any CPU.Build.0 = Debug|Any CPU
		{759B1F31-8B49-4242-A8AC-55869FA4ECB5}.Release|Any CPU.ActiveCfg = Release|Any CPU
		{759B1F31-8B49-4242-A8AC-55869FA4ECB5}.Release|Any CPU.Build.0 = Release|Any CPU
		{61088346-E6D8-4649-8EA7-AC26A40A5F7F}.Debug|Any CPU.ActiveCfg = Debug|Any CPU
		{61088346-E6D8-4649-8EA7-AC26A40A5F7F}.Debug|Any CPU.Build.0 = Debug|Any CPU
		{61088346-E6D8-4649-8EA7-AC26A40A5F7F}.Release|Any CPU.ActiveCfg = Release|Any CPU
		{61088346-E6D8-4649-8EA7-AC26A40A5F7F}.Release|Any CPU.Build.0 = Release|Any CPU
		{ED9A69D6-62A1-4F23-9C40-14568AA29D79}.Debug|Any CPU.ActiveCfg = Debug|Any CPU
		{ED9A69D6-62A1-4F23-9C40-14568AA29D79}.Debug|Any CPU.Build.0 = Debug|Any CPU
		{ED9A69D6-62A1-4F23-9C40-14568AA29D79}.Release|Any CPU.ActiveCfg = Release|Any CPU
		{ED9A69D6-62A1-4F23-9C40-14568AA29D79}.Release|Any CPU.Build.0 = Release|Any CPU
	EndGlobalSection
	GlobalSection(SolutionProperties) = preSolution
		HideSolutionNode = FALSE
	EndGlobalSection
	GlobalSection(ExtensibilityGlobals) = postSolution
		SolutionGuid = {279C137A-6393-48F6-8F3F-77D88066A271}
	EndGlobalSection
EndGlobal
